
Microsoft Visual Studio Solution File, Format Version 12.00
# Visual Studio Version 16
VisualStudioVersion = 16.0.30413.136
MinimumVisualStudioVersion = 10.0.40219.1
Project("{8BC9CEB8-8B4A-11D0-8D11-00A0C91BC942}") = "Mashuk №2", "Mashuk №2\Mashuk №2.vcxproj", "{997AEC52-918C-4860-AAC7-B968B8A9EB5D}"
EndProject
Global
	GlobalSection(SolutionConfigurationPlatforms) = preSolution
		Debug|x64 = Debug|x64
		Debug|x86 = Debug|x86
		Release|x64 = Release|x64
		Release|x86 = Release|x86
	EndGlobalSection
	GlobalSection(ProjectConfigurationPlatforms) = postSolution
		{997AEC52-918C-4860-AAC7-B968B8A9EB5D}.Debug|x64.ActiveCfg = Debug|x64
		{997AEC52-918C-4860-AAC7-B968B8A9EB5D}.Debug|x64.Build.0 = Debug|x64
		{997AEC52-918C-4860-AAC7-B968B8A9EB5D}.Debug|x86.ActiveCfg = Debug|Win32
		{997AEC52-918C-4860-AAC7-B968B8A9EB5D}.Debug|x86.Build.0 = Debug|Win32
		{997AEC52-918C-4860-AAC7-B968B8A9EB5D}.Release|x64.ActiveCfg = Release|x64
		{997AEC52-918C-4860-AAC7-B968B8A9EB5D}.Release|x64.Build.0 = Release|x64
		{997AEC52-918C-4860-AAC7-B968B8A9EB5D}.Release|x86.ActiveCfg = Release|Win32
		{997AEC52-918C-4860-AAC7-B968B8A9EB5D}.Release|x86.Build.0 = Release|Win32
	EndGlobalSection
	GlobalSection(SolutionProperties) = preSolution
		HideSolutionNode = FALSE
	EndGlobalSection
	GlobalSection(ExtensibilityGlobals) = postSolution
		SolutionGuid = {FC7B85CC-D785-428D-B148-3F9A101F1E8E}
	EndGlobalSection
EndGlobal
